
Microsoft Visual Studio Solution File, Format Version 12.00
# Visual Studio Version 17
VisualStudioVersion = 17.9.34714.143
MinimumVisualStudioVersion = 10.0.40219.1
Project("{FAE04EC0-301F-11D3-BF4B-00C04F79EFBC}") = "ExceptionsDemo", "ExceptionsDemo\ExceptionsDemo.csproj", "{38012000-3EEC-4FBD-BA4B-9CA768EF7DCC}"
EndProject
Global
	GlobalSection(SolutionConfigurationPlatforms) = preSolution
		Debug|Any CPU = Debug|Any CPU
		Release|Any CPU = Release|Any CPU
	EndGlobalSection
	GlobalSection(ProjectConfigurationPlatforms) = postSolution
		{38012000-3EEC-4FBD-BA4B-9CA768EF7DCC}.Debug|Any CPU.ActiveCfg = Debug|Any CPU
		{38012000-3EEC-4FBD-BA4B-9CA768EF7DCC}.Debug|Any CPU.Build.0 = Debug|Any CPU
		{38012000-3EEC-4FBD-BA4B-9CA768EF7DCC}.Release|Any CPU.ActiveCfg = Release|Any CPU
		{38012000-3EEC-4FBD-BA4B-9CA768EF7DCC}.Release|Any CPU.Build.0 = Release|Any CPU
	EndGlobalSection
	GlobalSection(SolutionProperties) = preSolution
		HideSolutionNode = FALSE
	EndGlobalSection
	GlobalSection(ExtensibilityGlobals) = postSolution
		SolutionGuid = {77EA1CB2-54AA-4964-B8B0-5D6A70666233}
	EndGlobalSection
EndGlobal
