
Microsoft Visual Studio Solution File, Format Version 12.00
# Visual Studio Version 17
VisualStudioVersion = 17.9.34714.143
MinimumVisualStudioVersion = 10.0.40219.1
Project("{FAE04EC0-301F-11D3-BF4B-00C04F79EFBC}") = "ConstructorDemo", "ConstructorDemo\ConstructorDemo.csproj", "{C45893CF-C010-4ACD-AF5B-FAE0A45EA540}"
EndProject
Global
	GlobalSection(SolutionConfigurationPlatforms) = preSolution
		Debug|Any CPU = Debug|Any CPU
		Release|Any CPU = Release|Any CPU
	EndGlobalSection
	GlobalSection(ProjectConfigurationPlatforms) = postSolution
		{C45893CF-C010-4ACD-AF5B-FAE0A45EA540}.Debug|Any CPU.ActiveCfg = Debug|Any CPU
		{C45893CF-C010-4ACD-AF5B-FAE0A45EA540}.Debug|Any CPU.Build.0 = Debug|Any CPU
		{C45893CF-C010-4ACD-AF5B-FAE0A45EA540}.Release|Any CPU.ActiveCfg = Release|Any CPU
		{C45893CF-C010-4ACD-AF5B-FAE0A45EA540}.Release|Any CPU.Build.0 = Release|Any CPU
	EndGlobalSection
	GlobalSection(SolutionProperties) = preSolution
		HideSolutionNode = FALSE
	EndGlobalSection
	GlobalSection(ExtensibilityGlobals) = postSolution
		SolutionGuid = {F25E7FF0-49F0-4F4A-B8E6-E7B292990773}
	EndGlobalSection
EndGlobal
